// !$*UTF8*$!
{
	archiveVersion = 1;
	classes = {
	};
	objectVersion = 50;
	objects = {

/* Begin PBXBuildFile section */
		3C56E103221FCC20003198C0 /* AppDelegate.swift in Sources */ = {isa = PBXBuildFile; fileRef = 3C56E102221FCC20003198C0 /* AppDelegate.swift */; };
		3C56E108221FCC20003198C0 /* Main.storyboard in Resources */ = {isa = PBXBuildFile; fileRef = 3C56E106221FCC20003198C0 /* Main.storyboard */; };
		3C56E10A221FCC20003198C0 /* Assets.xcassets in Resources */ = {isa = PBXBuildFile; fileRef = 3C56E109221FCC20003198C0 /* Assets.xcassets */; };
		3C56E10D221FCC20003198C0 /* LaunchScreen.storyboard in Resources */ = {isa = PBXBuildFile; fileRef = 3C56E10B221FCC20003198C0 /* LaunchScreen.storyboard */; };
		3C56E118221FCC21003198C0 /* flixsterTests.swift in Sources */ = {isa = PBXBuildFile; fileRef = 3C56E117221FCC21003198C0 /* flixsterTests.swift */; };
		3C56E123221FCC21003198C0 /* flixsterUITests.swift in Sources */ = {isa = PBXBuildFile; fileRef = 3C56E122221FCC21003198C0 /* flixsterUITests.swift */; };
		3C56E131221FCD2B003198C0 /* MoviesViewController.swift in Sources */ = {isa = PBXBuildFile; fileRef = 3C56E130221FCD2B003198C0 /* MoviesViewController.swift */; };
		3C56E13322225618003198C0 /* MovieCell.swift in Sources */ = {isa = PBXBuildFile; fileRef = 3C56E13222225618003198C0 /* MovieCell.swift */; };
		3CDE7EB6222CC2D70035BB09 /* MovieDetailsViewController.swift in Sources */ = {isa = PBXBuildFile; fileRef = 3CDE7EB5222CC2D70035BB09 /* MovieDetailsViewController.swift */; };
		3CDE7EB8222CCCC70035BB09 /* MovieGridViewController.swift in Sources */ = {isa = PBXBuildFile; fileRef = 3CDE7EB7222CCCC70035BB09 /* MovieGridViewController.swift */; };
		3CDE7EBA222CD0150035BB09 /* MovieGridCell.swift in Sources */ = {isa = PBXBuildFile; fileRef = 3CDE7EB9222CD0150035BB09 /* MovieGridCell.swift */; };
		A2469DE64DCD8F43CC4EAA45 /* Pods_flixsterUITests.framework in Frameworks */ = {isa = PBXBuildFile; fileRef = 481D9A7D7C5C6D64700491FC /* Pods_flixsterUITests.framework */; };
		C20E6CB33840793547708C63 /* Pods_flixsterTests.framework in Frameworks */ = {isa = PBXBuildFile; fileRef = 3A2F8226104386CB212C4560 /* Pods_flixsterTests.framework */; };
		D3FDCB75CCB2B50707F82E22 /* Pods_flixster.framework in Frameworks */ = {isa = PBXBuildFile; fileRef = FB6A49FC29CB108D068808A3 /* Pods_flixster.framework */; };
/* End PBXBuildFile section */

/* Begin PBXContainerItemProxy section */
		3C56E114221FCC21003198C0 /* PBXContainerItemProxy */ = {
			isa = PBXContainerItemProxy;
			containerPortal = 3C56E0F7221FCC20003198C0 /* Project object */;
			proxyType = 1;
			remoteGlobalIDString = 3C56E0FE221FCC20003198C0;
			remoteInfo = flixster;
		};
		3C56E11F221FCC21003198C0 /* PBXContainerItemProxy */ = {
			isa = PBXContainerItemProxy;
			containerPortal = 3C56E0F7221FCC20003198C0 /* Project object */;
			proxyType = 1;
			remoteGlobalIDString = 3C56E0FE221FCC20003198C0;
			remoteInfo = flixster;
		};
/* End PBXContainerItemProxy section */

/* Begin PBXFileReference section */
		3A2F8226104386CB212C4560 /* Pods_flixsterTests.framework */ = {isa = PBXFileReference; explicitFileType = wrapper.framework; includeInIndex = 0; path = Pods_flixsterTests.framework; sourceTree = BUILT_PRODUCTS_DIR; };
		3C56E0FF221FCC20003198C0 /* flixster.app */ = {isa = PBXFileReference; explicitFileType = wrapper.application; includeInIndex = 0; path = flixster.app; sourceTree = BUILT_PRODUCTS_DIR; };
		3C56E102221FCC20003198C0 /* AppDelegate.swift */ = {isa = PBXFileReference; lastKnownFileType = sourcecode.swift; path = AppDelegate.swift; sourceTree = "<group>"; };
		3C56E107221FCC20003198C0 /* Base */ = {isa = PBXFileReference; lastKnownFileType = file.storyboard; name = Base; path = Base.lproj/Main.storyboard; sourceTree = "<group>"; };
		3C56E109221FCC20003198C0 /* Assets.xcassets */ = {isa = PBXFileReference; lastKnownFileType = folder.assetcatalog; path = Assets.xcassets; sourceTree = "<group>"; };
		3C56E10C221FCC20003198C0 /* Base */ = {isa = PBXFileReference; lastKnownFileType = file.storyboard; name = Base; path = Base.lproj/LaunchScreen.storyboard; sourceTree = "<group>"; };
		3C56E10E221FCC20003198C0 /* Info.plist */ = {isa = PBXFileReference; lastKnownFileType = text.plist.xml; path = Info.plist; sourceTree = "<group>"; };
		3C56E113221FCC21003198C0 /* flixsterTests.xctest */ = {isa = PBXFileReference; explicitFileType = wrapper.cfbundle; includeInIndex = 0; path = flixsterTests.xctest; sourceTree = BUILT_PRODUCTS_DIR; };
		3C56E117221FCC21003198C0 /* flixsterTests.swift */ = {isa = PBXFileReference; lastKnownFileType = sourcecode.swift; path = flixsterTests.swift; sourceTree = "<group>"; };
		3C56E119221FCC21003198C0 /* Info.plist */ = {isa = PBXFileReference; lastKnownFileType = text.plist.xml; path = Info.plist; sourceTree = "<group>"; };
		3C56E11E221FCC21003198C0 /* flixsterUITests.xctest */ = {isa = PBXFileReference; explicitFileType = wrapper.cfbundle; includeInIndex = 0; path = flixsterUITests.xctest; sourceTree = BUILT_PRODUCTS_DIR; };
		3C56E122221FCC21003198C0 /* flixsterUITests.swift */ = {isa = PBXFileReference; lastKnownFileType = sourcecode.swift; path = flixsterUITests.swift; sourceTree = "<group>"; };
		3C56E124221FCC21003198C0 /* Info.plist */ = {isa = PBXFileReference; lastKnownFileType = text.plist.xml; path = Info.plist; sourceTree = "<group>"; };
		3C56E130221FCD2B003198C0 /* MoviesViewController.swift */ = {isa = PBXFileReference; lastKnownFileType = sourcecode.swift; path = MoviesViewController.swift; sourceTree = "<group>"; };
		3C56E13222225618003198C0 /* MovieCell.swift */ = {isa = PBXFileReference; lastKnownFileType = sourcecode.swift; path = MovieCell.swift; sourceTree = "<group>"; };
		3CDE7EB5222CC2D70035BB09 /* MovieDetailsViewController.swift */ = {isa = PBXFileReference; lastKnownFileType = sourcecode.swift; path = MovieDetailsViewController.swift; sourceTree = "<group>"; };
		3CDE7EB7222CCCC70035BB09 /* MovieGridViewController.swift */ = {isa = PBXFileReference; lastKnownFileType = sourcecode.swift; path = MovieGridViewController.swift; sourceTree = "<group>"; };
		3CDE7EB9222CD0150035BB09 /* MovieGridCell.swift */ = {isa = PBXFileReference; lastKnownFileType = sourcecode.swift; path = MovieGridCell.swift; sourceTree = "<group>"; };
		44BE04B81D1AC80F97A00D4A /* Pods-flixsterTests.release.xcconfig */ = {isa = PBXFileReference; includeInIndex = 1; lastKnownFileType = text.xcconfig; name = "Pods-flixsterTests.release.xcconfig"; path = "Target Support Files/Pods-flixsterTests/Pods-flixsterTests.release.xcconfig"; sourceTree = "<group>"; };
		481D9A7D7C5C6D64700491FC /* Pods_flixsterUITests.framework */ = {isa = PBXFileReference; explicitFileType = wrapper.framework; includeInIndex = 0; path = Pods_flixsterUITests.framework; sourceTree = BUILT_PRODUCTS_DIR; };
		7614C04CE34968CAB20DF7A9 /* Pods-flixsterTests.debug.xcconfig */ = {isa = PBXFileReference; includeInIndex = 1; lastKnownFileType = text.xcconfig; name = "Pods-flixsterTests.debug.xcconfig"; path = "Target Support Files/Pods-flixsterTests/Pods-flixsterTests.debug.xcconfig"; sourceTree = "<group>"; };
		8C7C75E81A96CCC12B5AB716 /* Pods-flixster.debug.xcconfig */ = {isa = PBXFileReference; includeInIndex = 1; lastKnownFileType = text.xcconfig; name = "Pods-flixster.debug.xcconfig"; path = "Target Support Files/Pods-flixster/Pods-flixster.debug.xcconfig"; sourceTree = "<group>"; };
		A911A388852C2F8603B135A3 /* Pods-flixsterUITests.release.xcconfig */ = {isa = PBXFileReference; includeInIndex = 1; lastKnownFileType = text.xcconfig; name = "Pods-flixsterUITests.release.xcconfig"; path = "Target Support Files/Pods-flixsterUITests/Pods-flixsterUITests.release.xcconfig"; sourceTree = "<group>"; };
		D75694ECC7BE38B7F712AD11 /* Pods-flixster.release.xcconfig */ = {isa = PBXFileReference; includeInIndex = 1; lastKnownFileType = text.xcconfig; name = "Pods-flixster.release.xcconfig"; path = "Target Support Files/Pods-flixster/Pods-flixster.release.xcconfig"; sourceTree = "<group>"; };
		FB6A49FC29CB108D068808A3 /* Pods_flixster.framework */ = {isa = PBXFileReference; explicitFileType = wrapper.framework; includeInIndex = 0; path = Pods_flixster.framework; sourceTree = BUILT_PRODUCTS_DIR; };
		FF6AC3BF6B488D81EE66863A /* Pods-flixsterUITests.debug.xcconfig */ = {isa = PBXFileReference; includeInIndex = 1; lastKnownFileType = text.xcconfig; name = "Pods-flixsterUITests.debug.xcconfig"; path = "Target Support Files/Pods-flixsterUITests/Pods-flixsterUITests.debug.xcconfig"; sourceTree = "<group>"; };
/* End PBXFileReference section */

/* Begin PBXFrameworksBuildPhase section */
		3C56E0FC221FCC20003198C0 /* Frameworks */ = {
			isa = PBXFrameworksBuildPhase;
			buildActionMask = 2147483647;
			files = (
				D3FDCB75CCB2B50707F82E22 /* Pods_flixster.framework in Frameworks */,
			);
			runOnlyForDeploymentPostprocessing = 0;
		};
		3C56E110221FCC21003198C0 /* Frameworks */ = {
			isa = PBXFrameworksBuildPhase;
			buildActionMask = 2147483647;
			files = (
				C20E6CB33840793547708C63 /* Pods_flixsterTests.framework in Frameworks */,
			);
			runOnlyForDeploymentPostprocessing = 0;
		};
		3C56E11B221FCC21003198C0 /* Frameworks */ = {
			isa = PBXFrameworksBuildPhase;
			buildActionMask = 2147483647;
			files = (
				A2469DE64DCD8F43CC4EAA45 /* Pods_flixsterUITests.framework in Frameworks */,
			);
			runOnlyForDeploymentPostprocessing = 0;
		};
/* End PBXFrameworksBuildPhase section */

/* Begin PBXGroup section */
		3C56E0F6221FCC20003198C0 = {
			isa = PBXGroup;
			children = (
				3C56E101221FCC20003198C0 /* flixster */,
				3C56E116221FCC21003198C0 /* flixsterTests */,
				3C56E121221FCC21003198C0 /* flixsterUITests */,
				3C56E100221FCC20003198C0 /* Products */,
				9102B5D610FAC99A3ECFFB2D /* Pods */,
				91BC11CAC9B97BE2D1A2CF0D /* Frameworks */,
			);
			sourceTree = "<group>";
		};
		3C56E100221FCC20003198C0 /* Products */ = {
			isa = PBXGroup;
			children = (
				3C56E0FF221FCC20003198C0 /* flixster.app */,
				3C56E113221FCC21003198C0 /* flixsterTests.xctest */,
				3C56E11E221FCC21003198C0 /* flixsterUITests.xctest */,
			);
			name = Products;
			sourceTree = "<group>";
		};
		3C56E101221FCC20003198C0 /* flixster */ = {
			isa = PBXGroup;
			children = (
				3C56E130221FCD2B003198C0 /* MoviesViewController.swift */,
				3C56E102221FCC20003198C0 /* AppDelegate.swift */,
				3C56E106221FCC20003198C0 /* Main.storyboard */,
				3CDE7EB9222CD0150035BB09 /* MovieGridCell.swift */,
				3CDE7EB7222CCCC70035BB09 /* MovieGridViewController.swift */,
				3CDE7EB5222CC2D70035BB09 /* MovieDetailsViewController.swift */,
				3C56E13222225618003198C0 /* MovieCell.swift */,
				3C56E109221FCC20003198C0 /* Assets.xcassets */,
				3C56E10B221FCC20003198C0 /* LaunchScreen.storyboard */,
				3C56E10E221FCC20003198C0 /* Info.plist */,
			);
			path = flixster;
			sourceTree = "<group>";
		};
		3C56E116221FCC21003198C0 /* flixsterTests */ = {
			isa = PBXGroup;
			children = (
				3C56E117221FCC21003198C0 /* flixsterTests.swift */,
				3C56E119221FCC21003198C0 /* Info.plist */,
			);
			path = flixsterTests;
			sourceTree = "<group>";
		};
		3C56E121221FCC21003198C0 /* flixsterUITests */ = {
			isa = PBXGroup;
			children = (
				3C56E122221FCC21003198C0 /* flixsterUITests.swift */,
				3C56E124221FCC21003198C0 /* Info.plist */,
			);
			path = flixsterUITests;
			sourceTree = "<group>";
		};
		9102B5D610FAC99A3ECFFB2D /* Pods */ = {
			isa = PBXGroup;
			children = (
				8C7C75E81A96CCC12B5AB716 /* Pods-flixster.debug.xcconfig */,
				D75694ECC7BE38B7F712AD11 /* Pods-flixster.release.xcconfig */,
				7614C04CE34968CAB20DF7A9 /* Pods-flixsterTests.debug.xcconfig */,
				44BE04B81D1AC80F97A00D4A /* Pods-flixsterTests.release.xcconfig */,
				FF6AC3BF6B488D81EE66863A /* Pods-flixsterUITests.debug.xcconfig */,
				A911A388852C2F8603B135A3 /* Pods-flixsterUITests.release.xcconfig */,
			);
			path = Pods;
			sourceTree = "<group>";
		};
		91BC11CAC9B97BE2D1A2CF0D /* Frameworks */ = {
			isa = PBXGroup;
			children = (
				FB6A49FC29CB108D068808A3 /* Pods_flixster.framework */,
				3A2F8226104386CB212C4560 /* Pods_flixsterTests.framework */,
				481D9A7D7C5C6D64700491FC /* Pods_flixsterUITests.framework */,
			);
			name = Frameworks;
			sourceTree = "<group>";
		};
/* End PBXGroup section */

/* Begin PBXNativeTarget section */
		3C56E0FE221FCC20003198C0 /* flixster */ = {
			isa = PBXNativeTarget;
			buildConfigurationList = 3C56E127221FCC21003198C0 /* Build configuration list for PBXNativeTarget "flixster" */;
			buildPhases = (
				15376D9BE45C277986687D87 /* [CP] Check Pods Manifest.lock */,
				3C56E0FB221FCC20003198C0 /* Sources */,
				3C56E0FC221FCC20003198C0 /* Frameworks */,
				3C56E0FD221FCC20003198C0 /* Resources */,
				0A6CBD940B856B309E1A484F /* [CP] Embed Pods Frameworks */,
			);
			buildRules = (
			);
			dependencies = (
			);
			name = flixster;
			productName = flixster;
			productReference = 3C56E0FF221FCC20003198C0 /* flixster.app */;
			productType = "com.apple.product-type.application";
		};
		3C56E112221FCC21003198C0 /* flixsterTests */ = {
			isa = PBXNativeTarget;
			buildConfigurationList = 3C56E12A221FCC21003198C0 /* Build configuration list for PBXNativeTarget "flixsterTests" */;
			buildPhases = (
				4D9CDDDCB2DEEF41812A550B /* [CP] Check Pods Manifest.lock */,
				3C56E10F221FCC21003198C0 /* Sources */,
				3C56E110221FCC21003198C0 /* Frameworks */,
				3C56E111221FCC21003198C0 /* Resources */,
			);
			buildRules = (
			);
			dependencies = (
				3C56E115221FCC21003198C0 /* PBXTargetDependency */,
			);
			name = flixsterTests;
			productName = flixsterTests;
			productReference = 3C56E113221FCC21003198C0 /* flixsterTests.xctest */;
			productType = "com.apple.product-type.bundle.unit-test";
		};
		3C56E11D221FCC21003198C0 /* flixsterUITests */ = {
			isa = PBXNativeTarget;
			buildConfigurationList = 3C56E12D221FCC21003198C0 /* Build configuration list for PBXNativeTarget "flixsterUITests" */;
			buildPhases = (
				C02DB43587B8B9853DD3C63D /* [CP] Check Pods Manifest.lock */,
				3C56E11A221FCC21003198C0 /* Sources */,
				3C56E11B221FCC21003198C0 /* Frameworks */,
				3C56E11C221FCC21003198C0 /* Resources */,
			);
			buildRules = (
			);
			dependencies = (
				3C56E120221FCC21003198C0 /* PBXTargetDependency */,
			);
			name = flixsterUITests;
			productName = flixsterUITests;
			productReference = 3C56E11E221FCC21003198C0 /* flixsterUITests.xctest */;
			productType = "com.apple.product-type.bundle.ui-testing";
		};
/* End PBXNativeTarget section */

/* Begin PBXProject section */
		3C56E0F7221FCC20003198C0 /* Project object */ = {
			isa = PBXProject;
			attributes = {
				LastSwiftUpdateCheck = 1010;
				LastUpgradeCheck = 1010;
				ORGANIZATIONNAME = "Kamrul Alam";
				TargetAttributes = {
					3C56E0FE221FCC20003198C0 = {
						CreatedOnToolsVersion = 10.1;
					};
					3C56E112221FCC21003198C0 = {
						CreatedOnToolsVersion = 10.1;
						TestTargetID = 3C56E0FE221FCC20003198C0;
					};
					3C56E11D221FCC21003198C0 = {
						CreatedOnToolsVersion = 10.1;
						TestTargetID = 3C56E0FE221FCC20003198C0;
					};
				};
			};
			buildConfigurationList = 3C56E0FA221FCC20003198C0 /* Build configuration list for PBXProject "flixster" */;
			compatibilityVersion = "Xcode 9.3";
			developmentRegion = en;
			hasScannedForEncodings = 0;
			knownRegions = (
				en,
				Base,
			);
			mainGroup = 3C56E0F6221FCC20003198C0;
			productRefGroup = 3C56E100221FCC20003198C0 /* Products */;
			projectDirPath = "";
			projectRoot = "";
			targets = (
				3C56E0FE221FCC20003198C0 /* flixster */,
				3C56E112221FCC21003198C0 /* flixsterTests */,
				3C56E11D221FCC21003198C0 /* flixsterUITests */,
			);
		};
/* End PBXProject section */

/* Begin PBXResourcesBuildPhase section */
		3C56E0FD221FCC20003198C0 /* Resources */ = {
			isa = PBXResourcesBuildPhase;
			buildActionMask = 2147483647;
			files = (
				3C56E10D221FCC20003198C0 /* LaunchScreen.storyboard in Resources */,
				3C56E10A221FCC20003198C0 /* Assets.xcassets in Resources */,
				3C56E108221FCC20003198C0 /* Main.storyboard in Resources */,
			);
			runOnlyForDeploymentPostprocessing = 0;
		};
		3C56E111221FCC21003198C0 /* Resources */ = {
			isa = PBXResourcesBuildPhase;
			buildActionMask = 2147483647;
			files = (
			);
			runOnlyForDeploymentPostprocessing = 0;
		};
		3C56E11C221FCC21003198C0 /* Resources */ = {
			isa = PBXResourcesBuildPhase;
			buildActionMask = 2147483647;
			files = (
			);
			runOnlyForDeploymentPostprocessing = 0;
		};
/* End PBXResourcesBuildPhase section */

/* Begin PBXShellScriptBuildPhase section */
		0A6CBD940B856B309E1A484F /* [CP] Embed Pods Frameworks */ = {
			isa = PBXShellScriptBuildPhase;
			buildActionMask = 2147483647;
			files = (
			);
			inputFileListPaths = (
			);
			inputPaths = (
				"${PODS_ROOT}/Target Support Files/Pods-flixster/Pods-flixster-frameworks.sh",
				"${BUILT_PRODUCTS_DIR}/Alamofire/Alamofire.framework",
				"${BUILT_PRODUCTS_DIR}/AlamofireImage/AlamofireImage.framework",
			);
			name = "[CP] Embed Pods Frameworks";
			outputFileListPaths = (
			);
			outputPaths = (
				"${TARGET_BUILD_DIR}/${FRAMEWORKS_FOLDER_PATH}/Alamofire.framework",
				"${TARGET_BUILD_DIR}/${FRAMEWORKS_FOLDER_PATH}/AlamofireImage.framework",
			);
			runOnlyForDeploymentPostprocessing = 0;
			shellPath = /bin/sh;
			shellScript = "\"${PODS_ROOT}/Target Support Files/Pods-flixster/Pods-flixster-frameworks.sh\"\n";
			showEnvVarsInLog = 0;
		};
		15376D9BE45C277986687D87 /* [CP] Check Pods Manifest.lock */ = {
			isa = PBXShellScriptBuildPhase;
			buildActionMask = 2147483647;
			files = (
			);
			inputFileListPaths = (
			);
			inputPaths = (
				"${PODS_PODFILE_DIR_PATH}/Podfile.lock",
				"${PODS_ROOT}/Manifest.lock",
			);
			name = "[CP] Check Pods Manifest.lock";
			outputFileListPaths = (
			);
			outputPaths = (
				"$(DERIVED_FILE_DIR)/Pods-flixster-checkManifestLockResult.txt",
			);
			runOnlyForDeploymentPostprocessing = 0;
			shellPath = /bin/sh;
			shellScript = "diff \"${PODS_PODFILE_DIR_PATH}/Podfile.lock\" \"${PODS_ROOT}/Manifest.lock\" > /dev/null\nif [ $? != 0 ] ; then\n    # print error to STDERR\n    echo \"error: The sandbox is not in sync with the Podfile.lock. Run 'pod install' or update your CocoaPods installation.\" >&2\n    exit 1\nfi\n# This output is used by Xcode 'outputs' to avoid re-running this script phase.\necho \"SUCCESS\" > \"${SCRIPT_OUTPUT_FILE_0}\"\n";
			showEnvVarsInLog = 0;
		};
		4D9CDDDCB2DEEF41812A550B /* [CP] Check Pods Manifest.lock */ = {
			isa = PBXShellScriptBuildPhase;
			buildActionMask = 2147483647;
			files = (
			);
			inputFileListPaths = (
			);
			inputPaths = (
				"${PODS_PODFILE_DIR_PATH}/Podfile.lock",
				"${PODS_ROOT}/Manifest.lock",
			);
			name = "[CP] Check Pods Manifest.lock";
			outputFileListPaths = (
			);
			outputPaths = (
				"$(DERIVED_FILE_DIR)/Pods-flixsterTests-checkManifestLockResult.txt",
			);
			runOnlyForDeploymentPostprocessing = 0;
			shellPath = /bin/sh;
			shellScript = "diff \"${PODS_PODFILE_DIR_PATH}/Podfile.lock\" \"${PODS_ROOT}/Manifest.lock\" > /dev/null\nif [ $? != 0 ] ; then\n    # print error to STDERR\n    echo \"error: The sandbox is not in sync with the Podfile.lock. Run 'pod install' or update your CocoaPods installation.\" >&2\n    exit 1\nfi\n# This output is used by Xcode 'outputs' to avoid re-running this script phase.\necho \"SUCCESS\" > \"${SCRIPT_OUTPUT_FILE_0}\"\n";
			showEnvVarsInLog = 0;
		};
		C02DB43587B8B9853DD3C63D /* [CP] Check Pods Manifest.lock */ = {
			isa = PBXShellScriptBuildPhase;
			buildActionMask = 2147483647;
			files = (
			);
			inputFileListPaths = (
			);
			inputPaths = (
				"${PODS_PODFILE_DIR_PATH}/Podfile.lock",
				"${PODS_ROOT}/Manifest.lock",
			);
			name = "[CP] Check Pods Manifest.lock";
			outputFileListPaths = (
			);
			outputPaths = (
				"$(DERIVED_FILE_DIR)/Pods-flixsterUITests-checkManifestLockResult.txt",
			);
			runOnlyForDeploymentPostprocessing = 0;
			shellPath = /bin/sh;
			shellScript = "diff \"${PODS_PODFILE_DIR_PATH}/Podfile.lock\" \"${PODS_ROOT}/Manifest.lock\" > /dev/null\nif [ $? != 0 ] ; then\n    # print error to STDERR\n    echo \"error: The sandbox is not in sync with the Podfile.lock. Run 'pod install' or update your CocoaPods installation.\" >&2\n    exit 1\nfi\n# This output is used by Xcode 'outputs' to avoid re-running this script phase.\necho \"SUCCESS\" > \"${SCRIPT_OUTPUT_FILE_0}\"\n";
			showEnvVarsInLog = 0;
		};
/* End PBXShellScriptBuildPhase section */

/* Begin PBXSourcesBuildPhase section */
		3C56E0FB221FCC20003198C0 /* Sources */ = {
			isa = PBXSourcesBuildPhase;
			buildActionMask = 2147483647;
			files = (
				3CDE7EB8222CCCC70035BB09 /* MovieGridViewController.swift in Sources */,
				3CDE7EB6222CC2D70035BB09 /* MovieDetailsViewController.swift in Sources */,
				3C56E103221FCC20003198C0 /* AppDelegate.swift in Sources */,
				3C56E131221FCD2B003198C0 /* MoviesViewController.swift in Sources */,
				3CDE7EBA222CD0150035BB09 /* MovieGridCell.swift in Sources */,
				3C56E13322225618003198C0 /* MovieCell.swift in Sources */,
			);
			runOnlyForDeploymentPostprocessing = 0;
		};
		3C56E10F221FCC21003198C0 /* Sources */ = {
			isa = PBXSourcesBuildPhase;
			buildActionMask = 2147483647;
			files = (
				3C56E118221FCC21003198C0 /* flixsterTests.swift in Sources */,
			);
			runOnlyForDeploymentPostprocessing = 0;
		};
		3C56E11A221FCC21003198C0 /* Sources */ = {
			isa = PBXSourcesBuildPhase;
			buildActionMask = 2147483647;
			files = (
				3C56E123221FCC21003198C0 /* flixsterUITests.swift in Sources */,
			);
			runOnlyForDeploymentPostprocessing = 0;
		};
/* End PBXSourcesBuildPhase section */

/* Begin PBXTargetDependency section */
		3C56E115221FCC21003198C0 /* PBXTargetDependency */ = {
			isa = PBXTargetDependency;
			target = 3C56E0FE221FCC20003198C0 /* flixster */;
			targetProxy = 3C56E114221FCC21003198C0 /* PBXContainerItemProxy */;
		};
		3C56E120221FCC21003198C0 /* PBXTargetDependency */ = {
			isa = PBXTargetDependency;
			target = 3C56E0FE221FCC20003198C0 /* flixster */;
			targetProxy = 3C56E11F221FCC21003198C0 /* PBXContainerItemProxy */;
		};
/* End PBXTargetDependency section */

/* Begin PBXVariantGroup section */
		3C56E106221FCC20003198C0 /* Main.storyboard */ = {
			isa = PBXVariantGroup;
			children = (
				3C56E107221FCC20003198C0 /* Base */,
			);
			name = Main.storyboard;
			sourceTree = "<group>";
		};
		3C56E10B221FCC20003198C0 /* LaunchScreen.storyboard */ = {
			isa = PBXVariantGroup;
			children = (
				3C56E10C221FCC20003198C0 /* Base */,
			);
			name = LaunchScreen.storyboard;
			sourceTree = "<group>";
		};
/* End PBXVariantGroup section */

/* Begin XCBuildConfiguration section */
		3C56E125221FCC21003198C0 /* Debug */ = {
			isa = XCBuildConfiguration;
			buildSettings = {
				ALWAYS_SEARCH_USER_PATHS = NO;
				CLANG_ANALYZER_NONNULL = YES;
				CLANG_ANALYZER_NUMBER_OBJECT_CONVERSION = YES_AGGRESSIVE;
				CLANG_CXX_LANGUAGE_STANDARD = "gnu++14";
				CLANG_CXX_LIBRARY = "libc++";
				CLANG_ENABLE_MODULES = YES;
				CLANG_ENABLE_OBJC_ARC = YES;
				CLANG_ENABLE_OBJC_WEAK = YES;
				CLANG_WARN_BLOCK_CAPTURE_AUTORELEASING = YES;
				CLANG_WARN_BOOL_CONVERSION = YES;
				CLANG_WARN_COMMA = YES;
				CLANG_WARN_CONSTANT_CONVERSION = YES;
				CLANG_WARN_DEPRECATED_OBJC_IMPLEMENTATIONS = YES;
				CLANG_WARN_DIRECT_OBJC_ISA_USAGE = YES_ERROR;
				CLANG_WARN_DOCUMENTATION_COMMENTS = YES;
				CLANG_WARN_EMPTY_BODY = YES;
				CLANG_WARN_ENUM_CONVERSION = YES;
				CLANG_WARN_INFINITE_RECURSION = YES;
				CLANG_WARN_INT_CONVERSION = YES;
				CLANG_WARN_NON_LITERAL_NULL_CONVERSION = YES;
				CLANG_WARN_OBJC_IMPLICIT_RETAIN_SELF = YES;
				CLANG_WARN_OBJC_LITERAL_CONVERSION = YES;
				CLANG_WARN_OBJC_ROOT_CLASS = YES_ERROR;
				CLANG_WARN_RANGE_LOOP_ANALYSIS = YES;
				CLANG_WARN_STRICT_PROTOTYPES = YES;
				CLANG_WARN_SUSPICIOUS_MOVE = YES;
				CLANG_WARN_UNGUARDED_AVAILABILITY = YES_AGGRESSIVE;
				CLANG_WARN_UNREACHABLE_CODE = YES;
				CLANG_WARN__DUPLICATE_METHOD_MATCH = YES;
				CODE_SIGN_IDENTITY = "iPhone Developer";
				COPY_PHASE_STRIP = NO;
				DEBUG_INFORMATION_FORMAT = dwarf;
				ENABLE_STRICT_OBJC_MSGSEND = YES;
				ENABLE_TESTABILITY = YES;
				GCC_C_LANGUAGE_STANDARD = gnu11;
				GCC_DYNAMIC_NO_PIC = NO;
				GCC_NO_COMMON_BLOCKS = YES;
				GCC_OPTIMIZATION_LEVEL = 0;
				GCC_PREPROCESSOR_DEFINITIONS = (
					"DEBUG=1",
					"$(inherited)",
				);
				GCC_WARN_64_TO_32_BIT_CONVERSION = YES;
				GCC_WARN_ABOUT_RETURN_TYPE = YES_ERROR;
				GCC_WARN_UNDECLARED_SELECTOR = YES;
				GCC_WARN_UNINITIALIZED_AUTOS = YES_AGGRESSIVE;
				GCC_WARN_UNUSED_FUNCTION = YES;
				GCC_WARN_UNUSED_VARIABLE = YES;
				IPHONEOS_DEPLOYMENT_TARGET = 12.1;
				MTL_ENABLE_DEBUG_INFO = INCLUDE_SOURCE;
				MTL_FAST_MATH = YES;
				ONLY_ACTIVE_ARCH = YES;
				SDKROOT = iphoneos;
				SWIFT_ACTIVE_COMPILATION_CONDITIONS = DEBUG;
				SWIFT_OPTIMIZATION_LEVEL = "-Onone";
			};
			name = Debug;
		};
		3C56E126221FCC21003198C0 /* Release */ = {
			isa = XCBuildConfiguration;
			buildSettings = {
				ALWAYS_SEARCH_USER_PATHS = NO;
				CLANG_ANALYZER_NONNULL = YES;
				CLANG_ANALYZER_NUMBER_OBJECT_CONVERSION = YES_AGGRESSIVE;
				CLANG_CXX_LANGUAGE_STANDARD = "gnu++14";
				CLANG_CXX_LIBRARY = "libc++";
				CLANG_ENABLE_MODULES = YES;
				CLANG_ENABLE_OBJC_ARC = YES;
				CLANG_ENABLE_OBJC_WEAK = YES;
				CLANG_WARN_BLOCK_CAPTURE_AUTORELEASING = YES;
				CLANG_WARN_BOOL_CONVERSION = YES;
				CLANG_WARN_COMMA = YES;
				CLANG_WARN_CONSTANT_CONVERSION = YES;
				CLANG_WARN_DEPRECATED_OBJC_IMPLEMENTATIONS = YES;
				CLANG_WARN_DIRECT_OBJC_ISA_USAGE = YES_ERROR;
				CLANG_WARN_DOCUMENTATION_COMMENTS = YES;
				CLANG_WARN_EMPTY_BODY = YES;
				CLANG_WARN_ENUM_CONVERSION = YES;
				CLANG_WARN_INFINITE_RECURSION = YES;
				CLANG_WARN_INT_CONVERSION = YES;
				CLANG_WARN_NON_LITERAL_NULL_CONVERSION = YES;
				CLANG_WARN_OBJC_IMPLICIT_RETAIN_SELF = YES;
				CLANG_WARN_OBJC_LITERAL_CONVERSION = YES;
				CLANG_WARN_OBJC_ROOT_CLASS = YES_ERROR;
				CLANG_WARN_RANGE_LOOP_ANALYSIS = YES;
				CLANG_WARN_STRICT_PROTOTYPES = YES;
				CLANG_WARN_SUSPICIOUS_MOVE = YES;
				CLANG_WARN_UNGUARDED_AVAILABILITY = YES_AGGRESSIVE;
				CLANG_WARN_UNREACHABLE_CODE = YES;
				CLANG_WARN__DUPLICATE_METHOD_MATCH = YES;
				CODE_SIGN_IDENTITY = "iPhone Developer";
				COPY_PHASE_STRIP = NO;
				DEBUG_INFORMATION_FORMAT = "dwarf-with-dsym";
				ENABLE_NS_ASSERTIONS = NO;
				ENABLE_STRICT_OBJC_MSGSEND = YES;
				GCC_C_LANGUAGE_STANDARD = gnu11;
				GCC_NO_COMMON_BLOCKS = YES;
				GCC_WARN_64_TO_32_BIT_CONVERSION = YES;
				GCC_WARN_ABOUT_RETURN_TYPE = YES_ERROR;
				GCC_WARN_UNDECLARED_SELECTOR = YES;
				GCC_WARN_UNINITIALIZED_AUTOS = YES_AGGRESSIVE;
				GCC_WARN_UNUSED_FUNCTION = YES;
				GCC_WARN_UNUSED_VARIABLE = YES;
				IPHONEOS_DEPLOYMENT_TARGET = 12.1;
				MTL_ENABLE_DEBUG_INFO = NO;
				MTL_FAST_MATH = YES;
				SDKROOT = iphoneos;
				SWIFT_COMPILATION_MODE = wholemodule;
				SWIFT_OPTIMIZATION_LEVEL = "-O";
				VALIDATE_PRODUCT = YES;
			};
			name = Release;
		};
		3C56E128221FCC21003198C0 /* Debug */ = {
			isa = XCBuildConfiguration;
			baseConfigurationReference = 8C7C75E81A96CCC12B5AB716 /* Pods-flixster.debug.xcconfig */;
			buildSettings = {
				ASSETCATALOG_COMPILER_APPICON_NAME = AppIcon;
				CODE_SIGN_STYLE = Automatic;
				DEVELOPMENT_TEAM = H6W9VJQDZ7;
				INFOPLIST_FILE = flixster/Info.plist;
				LD_RUNPATH_SEARCH_PATHS = (
					"$(inherited)",
					"@executable_path/Frameworks",
				);
				PRODUCT_BUNDLE_IDENTIFIER = com.kamrulalam08.flixster;
				PRODUCT_NAME = "$(TARGET_NAME)";
				SWIFT_VERSION = 4.2;
				TARGETED_DEVICE_FAMILY = "1,2";
			};
			name = Debug;
		};
		3C56E129221FCC21003198C0 /* Release */ = {
			isa = XCBuildConfiguration;
			baseConfigurationReference = D75694ECC7BE38B7F712AD11 /* Pods-flixster.release.xcconfig */;
			buildSettings = {
				ASSETCATALOG_COMPILER_APPICON_NAME = AppIcon;
				CODE_SIGN_STYLE = Automatic;
				DEVELOPMENT_TEAM = H6W9VJQDZ7;
				INFOPLIST_FILE = flixster/Info.plist;
				LD_RUNPATH_SEARCH_PATHS = (
					"$(inherited)",
					"@executable_path/Frameworks",
				);
				PRODUCT_BUNDLE_IDENTIFIER = com.kamrulalam08.flixster;
				PRODUCT_NAME = "$(TARGET_NAME)";
				SWIFT_VERSION = 4.2;
				TARGETED_DEVICE_FAMILY = "1,2";
			};
			name = Release;
		};
		3C56E12B221FCC21003198C0 /* Debug */ = {
			isa = XCBuildConfiguration;
			baseConfigurationReference = 7614C04CE34968CAB20DF7A9 /* Pods-flixsterTests.debug.xcconfig */;
			buildSettings = {
				ALWAYS_EMBED_SWIFT_STANDARD_LIBRARIES = YES;
				BUNDLE_LOADER = "$(TEST_HOST)";
				CODE_SIGN_STYLE = Automatic;
				INFOPLIST_FILE = flixsterTests/Info.plist;
				LD_RUNPATH_SEARCH_PATHS = (
					"$(inherited)",
					"@executable_path/Frameworks",
					"@loader_path/Frameworks",
				);
				PRODUCT_BUNDLE_IDENTIFIER = com.kamrulalam08.flixsterTests;
				PRODUCT_NAME = "$(TARGET_NAME)";
				SWIFT_VERSION = 4.2;
				TARGETED_DEVICE_FAMILY = "1,2";
				TEST_HOST = "$(BUILT_PRODUCTS_DIR)/flixster.app/flixster";
			};
			name = Debug;
		};
		3C56E12C221FCC21003198C0 /* Release */ = {
			isa = XCBuildConfiguration;
			baseConfigurationReference = 44BE04B81D1AC80F97A00D4A /* Pods-flixsterTests.release.xcconfig */;
			buildSettings = {
				ALWAYS_EMBED_SWIFT_STANDARD_LIBRARIES = YES;
				BUNDLE_LOADER = "$(TEST_HOST)";
				CODE_SIGN_STYLE = Automatic;
				INFOPLIST_FILE = flixsterTests/Info.plist;
				LD_RUNPATH_SEARCH_PATHS = (
					"$(inherited)",
					"@executable_path/Frameworks",
					"@loader_path/Frameworks",
				);
				PRODUCT_BUNDLE_IDENTIFIER = com.kamrulalam08.flixsterTests;
				PRODUCT_NAME = "$(TARGET_NAME)";
				SWIFT_VERSION = 4.2;
				TARGETED_DEVICE_FAMILY = "1,2";
				TEST_HOST = "$(BUILT_PRODUCTS_DIR)/flixster.app/flixster";
			};
			name = Release;
		};
		3C56E12E221FCC21003198C0 /* Debug */ = {
			isa = XCBuildConfiguration;
			baseConfigurationReference = FF6AC3BF6B488D81EE66863A /* Pods-flixsterUITests.debug.xcconfig */;
			buildSettings = {
				ALWAYS_EMBED_SWIFT_STANDARD_LIBRARIES = YES;
				CODE_SIGN_STYLE = Automatic;
				INFOPLIST_FILE = flixsterUITests/Info.plist;
				LD_RUNPATH_SEARCH_PATHS = (
					"$(inherited)",
					"@executable_path/Frameworks",
					"@loader_path/Frameworks",
				);
				PRODUCT_BUNDLE_IDENTIFIER = com.kamrulalam08.flixsterUITests;
				PRODUCT_NAME = "$(TARGET_NAME)";
				SWIFT_VERSION = 4.2;
				TARGETED_DEVICE_FAMILY = "1,2";
				TEST_TARGET_NAME = flixster;
			};
			name = Debug;
		};
		3C56E12F221FCC21003198C0 /* Release */ = {
			isa = XCBuildConfiguration;
			baseConfigurationReference = A911A388852C2F8603B135A3 /* Pods-flixsterUITests.release.xcconfig */;
			buildSettings = {
				ALWAYS_EMBED_SWIFT_STANDARD_LIBRARIES = YES;
				CODE_SIGN_STYLE = Automatic;
				INFOPLIST_FILE = flixsterUITests/Info.plist;
				LD_RUNPATH_SEARCH_PATHS = (
					"$(inherited)",
					"@executable_path/Frameworks",
					"@loader_path/Frameworks",
				);
				PRODUCT_BUNDLE_IDENTIFIER = com.kamrulalam08.flixsterUITests;
				PRODUCT_NAME = "$(TARGET_NAME)";
				SWIFT_VERSION = 4.2;
				TARGETED_DEVICE_FAMILY = "1,2";
				TEST_TARGET_NAME = flixster;
			};
			name = Release;
		};
/* End XCBuildConfiguration section */

/* Begin XCConfigurationList section */
		3C56E0FA221FCC20003198C0 /* Build configuration list for PBXProject "flixster" */ = {
			isa = XCConfigurationList;
			buildConfigurations = (
				3C56E125221FCC21003198C0 /* Debug */,
				3C56E126221FCC21003198C0 /* Release */,
			);
			defaultConfigurationIsVisible = 0;
			defaultConfigurationName = Release;
		};
		3C56E127221FCC21003198C0 /* Build configuration list for PBXNativeTarget "flixster" */ = {
			isa = XCConfigurationList;
			buildConfigurations = (
				3C56E128221FCC21003198C0 /* Debug */,
				3C56E129221FCC21003198C0 /* Release */,
			);
			defaultConfigurationIsVisible = 0;
			defaultConfigurationName = Release;
		};
		3C56E12A221FCC21003198C0 /* Build configuration list for PBXNativeTarget "flixsterTests" */ = {
			isa = XCConfigurationList;
			buildConfigurations = (
				3C56E12B221FCC21003198C0 /* Debug */,
				3C56E12C221FCC21003198C0 /* Release */,
			);
			defaultConfigurationIsVisible = 0;
			defaultConfigurationName = Release;
		};
		3C56E12D221FCC21003198C0 /* Build configuration list for PBXNativeTarget "flixsterUITests" */ = {
			isa = XCConfigurationList;
			buildConfigurations = (
				3C56E12E221FCC21003198C0 /* Debug */,
				3C56E12F221FCC21003198C0 /* Release */,
			);
			defaultConfigurationIsVisible = 0;
			defaultConfigurationName = Release;
		};
/* End XCConfigurationList section */
	};
	rootObject = 3C56E0F7221FCC20003198C0 /* Project object */;
}
